// !$*UTF8*$!
{
	archiveVersion = 1;
	classes = {
	};
	objectVersion = 56;
	objects = {

/* Begin PBXBuildFile section */
		204DBB3E28F5B0E7008E921C /* Web_soupApp.swift in Sources */ = {isa = PBXBuildFile; fileRef = 204DBB3D28F5B0E7008E921C /* Web_soupApp.swift */; };
		204DBB4028F5B0E7008E921C /* ContentView.swift in Sources */ = {isa = PBXBuildFile; fileRef = 204DBB3F28F5B0E7008E921C /* ContentView.swift */; };
		204DBB4228F5B0EA008E921C /* Assets.xcassets in Resources */ = {isa = PBXBuildFile; fileRef = 204DBB4128F5B0EA008E921C /* Assets.xcassets */; };
		204DBB4528F5B0EA008E921C /* Preview Assets.xcassets in Resources */ = {isa = PBXBuildFile; fileRef = 204DBB4428F5B0EA008E921C /* Preview Assets.xcassets */; };
		204DBB4D28F5B143008E921C /* SwiftSoup in Frameworks */ = {isa = PBXBuildFile; productRef = 204DBB4C28F5B143008E921C /* SwiftSoup */; };
		204DBB5028F5B175008E921C /* ScrapperViewModel.swift in Sources */ = {isa = PBXBuildFile; fileRef = 204DBB4F28F5B175008E921C /* ScrapperViewModel.swift */; };
		204DBB5428F5E366008E921C /* HousePlant.swift in Sources */ = {isa = PBXBuildFile; fileRef = 204DBB5328F5E366008E921C /* HousePlant.swift */; };
/* End PBXBuildFile section */

/* Begin PBXFileReference section */
		204DBB3A28F5B0E7008E921C /* Web-soup.app */ = {isa = PBXFileReference; explicitFileType = wrapper.application; includeInIndex = 0; path = "Web-soup.app"; sourceTree = BUILT_PRODUCTS_DIR; };
		204DBB3D28F5B0E7008E921C /* Web_soupApp.swift */ = {isa = PBXFileReference; lastKnownFileType = sourcecode.swift; path = Web_soupApp.swift; sourceTree = "<group>"; };
		204DBB3F28F5B0E7008E921C /* ContentView.swift */ = {isa = PBXFileReference; lastKnownFileType = sourcecode.swift; path = ContentView.swift; sourceTree = "<group>"; };
		204DBB4128F5B0EA008E921C /* Assets.xcassets */ = {isa = PBXFileReference; lastKnownFileType = folder.assetcatalog; path = Assets.xcassets; sourceTree = "<group>"; };
		204DBB4428F5B0EA008E921C /* Preview Assets.xcassets */ = {isa = PBXFileReference; lastKnownFileType = folder.assetcatalog; path = "Preview Assets.xcassets"; sourceTree = "<group>"; };
		204DBB4F28F5B175008E921C /* ScrapperViewModel.swift */ = {isa = PBXFileReference; lastKnownFileType = sourcecode.swift; path = ScrapperViewModel.swift; sourceTree = "<group>"; };
		204DBB5328F5E366008E921C /* HousePlant.swift */ = {isa = PBXFileReference; lastKnownFileType = sourcecode.swift; path = HousePlant.swift; sourceTree = "<group>"; };
/* End PBXFileReference section */

/* Begin PBXFrameworksBuildPhase section */
		204DBB3728F5B0E7008E921C /* Frameworks */ = {
			isa = PBXFrameworksBuildPhase;
			buildActionMask = 2147483647;
			files = (
				204DBB4D28F5B143008E921C /* SwiftSoup in Frameworks */,
			);
			runOnlyForDeploymentPostprocessing = 0;
		};
/* End PBXFrameworksBuildPhase section */

/* Begin PBXGroup section */
		204DBB3128F5B0E7008E921C = {
			isa = PBXGroup;
			children = (
				204DBB3C28F5B0E7008E921C /* Web-soup */,
				204DBB3B28F5B0E7008E921C /* Products */,
			);
			sourceTree = "<group>";
		};
		204DBB3B28F5B0E7008E921C /* Products */ = {
			isa = PBXGroup;
			children = (
				204DBB3A28F5B0E7008E921C /* Web-soup.app */,
			);
			name = Products;
			sourceTree = "<group>";
		};
		204DBB3C28F5B0E7008E921C /* Web-soup */ = {
			isa = PBXGroup;
			children = (
				204DBB5228F5E351008E921C /* View */,
				204DBB5128F5E34B008E921C /* Model */,
				204DBB4E28F5B14B008E921C /* ViewModel */,
				204DBB3D28F5B0E7008E921C /* Web_soupApp.swift */,
				204DBB3F28F5B0E7008E921C /* ContentView.swift */,
				204DBB4128F5B0EA008E921C /* Assets.xcassets */,
				204DBB4328F5B0EA008E921C /* Preview Content */,
			);
			path = "Web-soup";
			sourceTree = "<group>";
		};
		204DBB4328F5B0EA008E921C /* Preview Content */ = {
			isa = PBXGroup;
			children = (
				204DBB4428F5B0EA008E921C /* Preview Assets.xcassets */,
			);
			path = "Preview Content";
			sourceTree = "<group>";
		};
		204DBB4E28F5B14B008E921C /* ViewModel */ = {
			isa = PBXGroup;
			children = (
				204DBB4F28F5B175008E921C /* ScrapperViewModel.swift */,
			);
			path = ViewModel;
			sourceTree = "<group>";
		};
		204DBB5128F5E34B008E921C /* Model */ = {
			isa = PBXGroup;
			children = (
				204DBB5328F5E366008E921C /* HousePlant.swift */,
			);
			path = Model;
			sourceTree = "<group>";
		};
		204DBB5228F5E351008E921C /* View */ = {
			isa = PBXGroup;
			children = (
			);
			path = View;
			sourceTree = "<group>";
		};
/* End PBXGroup section */

/* Begin PBXNativeTarget section */
		204DBB3928F5B0E7008E921C /* Web-soup */ = {
			isa = PBXNativeTarget;
			buildConfigurationList = 204DBB4828F5B0EA008E921C /* Build configuration list for PBXNativeTarget "Web-soup" */;
			buildPhases = (
				204DBB3628F5B0E7008E921C /* Sources */,
				204DBB3728F5B0E7008E921C /* Frameworks */,
				204DBB3828F5B0E7008E921C /* Resources */,
			);
			buildRules = (
			);
			dependencies = (
			);
			name = "Web-soup";
			packageProductDependencies = (
				204DBB4C28F5B143008E921C /* SwiftSoup */,
			);
			productName = "Web-soup";
			productReference = 204DBB3A28F5B0E7008E921C /* Web-soup.app */;
			productType = "com.apple.product-type.application";
		};
/* End PBXNativeTarget section */

/* Begin PBXProject section */
		204DBB3228F5B0E7008E921C /* Project object */ = {
			isa = PBXProject;
			attributes = {
				BuildIndependentTargetsInParallel = 1;
				LastSwiftUpdateCheck = 1400;
				LastUpgradeCheck = 1400;
				TargetAttributes = {
					204DBB3928F5B0E7008E921C = {
						CreatedOnToolsVersion = 14.0.1;
					};
				};
			};
			buildConfigurationList = 204DBB3528F5B0E7008E921C /* Build configuration list for PBXProject "Web-soup" */;
			compatibilityVersion = "Xcode 14.0";
			developmentRegion = en;
			hasScannedForEncodings = 0;
			knownRegions = (
				en,
				Base,
			);
			mainGroup = 204DBB3128F5B0E7008E921C;
			packageReferences = (
				204DBB4B28F5B143008E921C /* XCRemoteSwiftPackageReference "SwiftSoup" */,
			);
			productRefGroup = 204DBB3B28F5B0E7008E921C /* Products */;
			projectDirPath = "";
			projectRoot = "";
			targets = (
				204DBB3928F5B0E7008E921C /* Web-soup */,
			);
		};
/* End PBXProject section */

/* Begin PBXResourcesBuildPhase section */
		204DBB3828F5B0E7008E921C /* Resources */ = {
			isa = PBXResourcesBuildPhase;
			buildActionMask = 2147483647;
			files = (
				204DBB4528F5B0EA008E921C /* Preview Assets.xcassets in Resources */,
				204DBB4228F5B0EA008E921C /* Assets.xcassets in Resources */,
			);
			runOnlyForDeploymentPostprocessing = 0;
		};
/* End PBXResourcesBuildPhase section */

/* Begin PBXSourcesBuildPhase section */
		204DBB3628F5B0E7008E921C /* Sources */ = {
			isa = PBXSourcesBuildPhase;
			buildActionMask = 2147483647;
			files = (
				204DBB5028F5B175008E921C /* ScrapperViewModel.swift in Sources */,
				204DBB4028F5B0E7008E921C /* ContentView.swift in Sources */,
				204DBB5428F5E366008E921C /* HousePlant.swift in Sources */,
				204DBB3E28F5B0E7008E921C /* Web_soupApp.swift in Sources */,
			);
			runOnlyForDeploymentPostprocessing = 0;
		};
/* End PBXSourcesBuildPhase section */

/* Begin XCBuildConfiguration section */
		204DBB4628F5B0EA008E921C /* Debug */ = {
			isa = XCBuildConfiguration;
			buildSettings = {
				ALWAYS_SEARCH_USER_PATHS = NO;
				CLANG_ANALYZER_NONNULL = YES;
				CLANG_ANALYZER_NUMBER_OBJECT_CONVERSION = YES_AGGRESSIVE;
				CLANG_CXX_LANGUAGE_STANDARD = "gnu++20";
				CLANG_ENABLE_MODULES = YES;
				CLANG_ENABLE_OBJC_ARC = YES;
				CLANG_ENABLE_OBJC_WEAK = YES;
				CLANG_WARN_BLOCK_CAPTURE_AUTORELEASING = YES;
				CLANG_WARN_BOOL_CONVERSION = YES;
				CLANG_WARN_COMMA = YES;
				CLANG_WARN_CONSTANT_CONVERSION = YES;
				CLANG_WARN_DEPRECATED_OBJC_IMPLEMENTATIONS = YES;
				CLANG_WARN_DIRECT_OBJC_ISA_USAGE = YES_ERROR;
				CLANG_WARN_DOCUMENTATION_COMMENTS = YES;
				CLANG_WARN_EMPTY_BODY = YES;
				CLANG_WARN_ENUM_CONVERSION = YES;
				CLANG_WARN_INFINITE_RECURSION = YES;
				CLANG_WARN_INT_CONVERSION = YES;
				CLANG_WARN_NON_LITERAL_NULL_CONVERSION = YES;
				CLANG_WARN_OBJC_IMPLICIT_RETAIN_SELF = YES;
				CLANG_WARN_OBJC_LITERAL_CONVERSION = YES;
				CLANG_WARN_OBJC_ROOT_CLASS = YES_ERROR;
				CLANG_WARN_QUOTED_INCLUDE_IN_FRAMEWORK_HEADER = YES;
				CLANG_WARN_RANGE_LOOP_ANALYSIS = YES;
				CLANG_WARN_STRICT_PROTOTYPES = YES;
				CLANG_WARN_SUSPICIOUS_MOVE = YES;
				CLANG_WARN_UNGUARDED_AVAILABILITY = YES_AGGRESSIVE;
				CLANG_WARN_UNREACHABLE_CODE = YES;
				CLANG_WARN__DUPLICATE_METHOD_MATCH = YES;
				COPY_PHASE_STRIP = NO;
				DEBUG_INFORMATION_FORMAT = dwarf;
				ENABLE_STRICT_OBJC_MSGSEND = YES;
				ENABLE_TESTABILITY = YES;
				GCC_C_LANGUAGE_STANDARD = gnu11;
				GCC_DYNAMIC_NO_PIC = NO;
				GCC_NO_COMMON_BLOCKS = YES;
				GCC_OPTIMIZATION_LEVEL = 0;
				GCC_PREPROCESSOR_DEFINITIONS = (
					"DEBUG=1",
					"$(inherited)",
				);
				GCC_WARN_64_TO_32_BIT_CONVERSION = YES;
				GCC_WARN_ABOUT_RETURN_TYPE = YES_ERROR;
				GCC_WARN_UNDECLARED_SELECTOR = YES;
				GCC_WARN_UNINITIALIZED_AUTOS = YES_AGGRESSIVE;
				GCC_WARN_UNUSED_FUNCTION = YES;
				GCC_WARN_UNUSED_VARIABLE = YES;
				IPHONEOS_DEPLOYMENT_TARGET = 16.0;
				MTL_ENABLE_DEBUG_INFO = INCLUDE_SOURCE;
				MTL_FAST_MATH = YES;
				ONLY_ACTIVE_ARCH = YES;
				SDKROOT = iphoneos;
				SWIFT_ACTIVE_COMPILATION_CONDITIONS = DEBUG;
				SWIFT_OPTIMIZATION_LEVEL = "-Onone";
			};
			name = Debug;
		};
		204DBB4728F5B0EA008E921C /* Release */ = {
			isa = XCBuildConfiguration;
			buildSettings = {
				ALWAYS_SEARCH_USER_PATHS = NO;
				CLANG_ANALYZER_NONNULL = YES;
				CLANG_ANALYZER_NUMBER_OBJECT_CONVERSION = YES_AGGRESSIVE;
				CLANG_CXX_LANGUAGE_STANDARD = "gnu++20";
				CLANG_ENABLE_MODULES = YES;
				CLANG_ENABLE_OBJC_ARC = YES;
				CLANG_ENABLE_OBJC_WEAK = YES;
				CLANG_WARN_BLOCK_CAPTURE_AUTORELEASING = YES;
				CLANG_WARN_BOOL_CONVERSION = YES;
				CLANG_WARN_COMMA = YES;
				CLANG_WARN_CONSTANT_CONVERSION = YES;
				CLANG_WARN_DEPRECATED_OBJC_IMPLEMENTATIONS = YES;
				CLANG_WARN_DIRECT_OBJC_ISA_USAGE = YES_ERROR;
				CLANG_WARN_DOCUMENTATION_COMMENTS = YES;
				CLANG_WARN_EMPTY_BODY = YES;
				CLANG_WARN_ENUM_CONVERSION = YES;
				CLANG_WARN_INFINITE_RECURSION = YES;
				CLANG_WARN_INT_CONVERSION = YES;
				CLANG_WARN_NON_LITERAL_NULL_CONVERSION = YES;
				CLANG_WARN_OBJC_IMPLICIT_RETAIN_SELF = YES;
				CLANG_WARN_OBJC_LITERAL_CONVERSION = YES;
				CLANG_WARN_OBJC_ROOT_CLASS = YES_ERROR;
				CLANG_WARN_QUOTED_INCLUDE_IN_FRAMEWORK_HEADER = YES;
				CLANG_WARN_RANGE_LOOP_ANALYSIS = YES;
				CLANG_WARN_STRICT_PROTOTYPES = YES;
				CLANG_WARN_SUSPICIOUS_MOVE = YES;
				CLANG_WARN_UNGUARDED_AVAILABILITY = YES_AGGRESSIVE;
				CLANG_WARN_UNREACHABLE_CODE = YES;
				CLANG_WARN__DUPLICATE_METHOD_MATCH = YES;
				COPY_PHASE_STRIP = NO;
				DEBUG_INFORMATION_FORMAT = "dwarf-with-dsym";
				ENABLE_NS_ASSERTIONS = NO;
				ENABLE_STRICT_OBJC_MSGSEND = YES;
				GCC_C_LANGUAGE_STANDARD = gnu11;
				GCC_NO_COMMON_BLOCKS = YES;
				GCC_WARN_64_TO_32_BIT_CONVERSION = YES;
				GCC_WARN_ABOUT_RETURN_TYPE = YES_ERROR;
				GCC_WARN_UNDECLARED_SELECTOR = YES;
				GCC_WARN_UNINITIALIZED_AUTOS = YES_AGGRESSIVE;
				GCC_WARN_UNUSED_FUNCTION = YES;
				GCC_WARN_UNUSED_VARIABLE = YES;
				IPHONEOS_DEPLOYMENT_TARGET = 16.0;
				MTL_ENABLE_DEBUG_INFO = NO;
				MTL_FAST_MATH = YES;
				SDKROOT = iphoneos;
				SWIFT_COMPILATION_MODE = wholemodule;
				SWIFT_OPTIMIZATION_LEVEL = "-O";
				VALIDATE_PRODUCT = YES;
			};
			name = Release;
		};
		204DBB4928F5B0EA008E921C /* Debug */ = {
			isa = XCBuildConfiguration;
			buildSettings = {
				ASSETCATALOG_COMPILER_APPICON_NAME = AppIcon;
				ASSETCATALOG_COMPILER_GLOBAL_ACCENT_COLOR_NAME = AccentColor;
				CODE_SIGN_STYLE = Automatic;
				CURRENT_PROJECT_VERSION = 1;
				DEVELOPMENT_ASSET_PATHS = "\"Web-soup/Preview Content\"";
				DEVELOPMENT_TEAM = 5Z3UL2PDB7;
				ENABLE_PREVIEWS = YES;
				GENERATE_INFOPLIST_FILE = YES;
				INFOPLIST_KEY_UIApplicationSceneManifest_Generation = YES;
				INFOPLIST_KEY_UIApplicationSupportsIndirectInputEvents = YES;
				INFOPLIST_KEY_UILaunchScreen_Generation = YES;
				INFOPLIST_KEY_UISupportedInterfaceOrientations_iPad = "UIInterfaceOrientationPortrait UIInterfaceOrientationPortraitUpsideDown UIInterfaceOrientationLandscapeLeft UIInterfaceOrientationLandscapeRight";
				INFOPLIST_KEY_UISupportedInterfaceOrientations_iPhone = "UIInterfaceOrientationPortrait UIInterfaceOrientationLandscapeLeft UIInterfaceOrientationLandscapeRight";
				IPHONEOS_DEPLOYMENT_TARGET = 15.6;
				LD_RUNPATH_SEARCH_PATHS = (
					"$(inherited)",
					"@executable_path/Frameworks",
				);
				MARKETING_VERSION = 1.0;
				PRODUCT_BUNDLE_IDENTIFIER = "jokworkings.Web-soup";
				PRODUCT_NAME = "$(TARGET_NAME)";
				SWIFT_EMIT_LOC_STRINGS = YES;
				SWIFT_VERSION = 5.0;
				TARGETED_DEVICE_FAMILY = "1,2";
			};
			name = Debug;
		};
		204DBB4A28F5B0EA008E921C /* Release */ = {
			isa = XCBuildConfiguration;
			buildSettings = {
				ASSETCATALOG_COMPILER_APPICON_NAME = AppIcon;
				ASSETCATALOG_COMPILER_GLOBAL_ACCENT_COLOR_NAME = AccentColor;
				CODE_SIGN_STYLE = Automatic;
				CURRENT_PROJECT_VERSION = 1;
				DEVELOPMENT_ASSET_PATHS = "\"Web-soup/Preview Content\"";
				DEVELOPMENT_TEAM = 5Z3UL2PDB7;
				ENABLE_PREVIEWS = YES;
				GENERATE_INFOPLIST_FILE = YES;
				INFOPLIST_KEY_UIApplicationSceneManifest_Generation = YES;
				INFOPLIST_KEY_UIApplicationSupportsIndirectInputEvents = YES;
				INFOPLIST_KEY_UILaunchScreen_Generation = YES;
				INFOPLIST_KEY_UISupportedInterfaceOrientations_iPad = "UIInterfaceOrientationPortrait UIInterfaceOrientationPortraitUpsideDown UIInterfaceOrientationLandscapeLeft UIInterfaceOrientationLandscapeRight";
				INFOPLIST_KEY_UISupportedInterfaceOrientations_iPhone = "UIInterfaceOrientationPortrait UIInterfaceOrientationLandscapeLeft UIInterfaceOrientationLandscapeRight";
				IPHONEOS_DEPLOYMENT_TARGET = 15.6;
				LD_RUNPATH_SEARCH_PATHS = (
					"$(inherited)",
					"@executable_path/Frameworks",
				);
				MARKETING_VERSION = 1.0;
				PRODUCT_BUNDLE_IDENTIFIER = "jokworkings.Web-soup";
				PRODUCT_NAME = "$(TARGET_NAME)";
				SWIFT_EMIT_LOC_STRINGS = YES;
				SWIFT_VERSION = 5.0;
				TARGETED_DEVICE_FAMILY = "1,2";
			};
			name = Release;
		};
/* End XCBuildConfiguration section */

/* Begin XCConfigurationList section */
		204DBB3528F5B0E7008E921C /* Build configuration list for PBXProject "Web-soup" */ = {
			isa = XCConfigurationList;
			buildConfigurations = (
				204DBB4628F5B0EA008E921C /* Debug */,
				204DBB4728F5B0EA008E921C /* Release */,
			);
			defaultConfigurationIsVisible = 0;
			defaultConfigurationName = Release;
		};
		204DBB4828F5B0EA008E921C /* Build configuration list for PBXNativeTarget "Web-soup" */ = {
			isa = XCConfigurationList;
			buildConfigurations = (
				204DBB4928F5B0EA008E921C /* Debug */,
				204DBB4A28F5B0EA008E921C /* Release */,
			);
			defaultConfigurationIsVisible = 0;
			defaultConfigurationName = Release;
		};
/* End XCConfigurationList section */

/* Begin XCRemoteSwiftPackageReference section */
		204DBB4B28F5B143008E921C /* XCRemoteSwiftPackageReference "SwiftSoup" */ = {
			isa = XCRemoteSwiftPackageReference;
			repositoryURL = "https://github.com/scinfu/SwiftSoup.git";
			requirement = {
				kind = upToNextMajorVersion;
				minimumVersion = 2.4.3;
			};
		};
/* End XCRemoteSwiftPackageReference section */

/* Begin XCSwiftPackageProductDependency section */
		204DBB4C28F5B143008E921C /* SwiftSoup */ = {
			isa = XCSwiftPackageProductDependency;
			package = 204DBB4B28F5B143008E921C /* XCRemoteSwiftPackageReference "SwiftSoup" */;
			productName = SwiftSoup;
		};
/* End XCSwiftPackageProductDependency section */
	};
	rootObject = 204DBB3228F5B0E7008E921C /* Project object */;
}
